
Microsoft Visual Studio Solution File, Format Version 11.00
# Visual Studio 2010
Project("{FAE04EC0-301F-11D3-BF4B-00C04F79EFBC}") = "WiFi_Launcher_CSharp", "WiFi_Launcher_CSharp\WiFi_Launcher_CSharp.csproj", "{510F9A86-DE39-4598-AE6D-87C599E76095}"
EndProject
Global
	GlobalSection(SolutionConfigurationPlatforms) = preSolution
		Debug|x86 = Debug|x86
		Release|x86 = Release|x86
	EndGlobalSection
	GlobalSection(ProjectConfigurationPlatforms) = postSolution
		{510F9A86-DE39-4598-AE6D-87C599E76095}.Debug|x86.ActiveCfg = Debug|x86
		{510F9A86-DE39-4598-AE6D-87C599E76095}.Debug|x86.Build.0 = Debug|x86
		{510F9A86-DE39-4598-AE6D-87C599E76095}.Release|x86.ActiveCfg = Release|x86
		{510F9A86-DE39-4598-AE6D-87C599E76095}.Release|x86.Build.0 = Release|x86
	EndGlobalSection
	GlobalSection(SolutionProperties) = preSolution
		HideSolutionNode = FALSE
	EndGlobalSection
EndGlobal
